// !$*UTF8*$!
{
	archiveVersion = 1;
	classes = {
	};
	objectVersion = 56;
	objects = {

/* Begin PBXBuildFile section */
		3DFE575A2BD6F871005D434E /* SilverPokeDexApp.swift in Sources */ = {isa = PBXBuildFile; fileRef = 3DFE57592BD6F871005D434E /* SilverPokeDexApp.swift */; };
		3DFE575C2BD6F871005D434E /* ContentView.swift in Sources */ = {isa = PBXBuildFile; fileRef = 3DFE575B2BD6F871005D434E /* ContentView.swift */; };
		3DFE575E2BD6F872005D434E /* Assets.xcassets in Resources */ = {isa = PBXBuildFile; fileRef = 3DFE575D2BD6F872005D434E /* Assets.xcassets */; };
		3DFE57622BD6F872005D434E /* Preview Assets.xcassets in Resources */ = {isa = PBXBuildFile; fileRef = 3DFE57612BD6F872005D434E /* Preview Assets.xcassets */; };
		3DFE576C2BD6F872005D434E /* SilverPokeDexTests.swift in Sources */ = {isa = PBXBuildFile; fileRef = 3DFE576B2BD6F872005D434E /* SilverPokeDexTests.swift */; };
		3DFE57762BD6F872005D434E /* SilverPokeDexUITests.swift in Sources */ = {isa = PBXBuildFile; fileRef = 3DFE57752BD6F872005D434E /* SilverPokeDexUITests.swift */; };
		3DFE57782BD6F872005D434E /* SilverPokeDexUITestsLaunchTests.swift in Sources */ = {isa = PBXBuildFile; fileRef = 3DFE57772BD6F872005D434E /* SilverPokeDexUITestsLaunchTests.swift */; };
		3DFE57852BD6F8D3005D434E /* Pokemon.swift in Sources */ = {isa = PBXBuildFile; fileRef = 3DFE57842BD6F8D3005D434E /* Pokemon.swift */; };
		3DFE57872BD6F924005D434E /* PokemonAPI.swift in Sources */ = {isa = PBXBuildFile; fileRef = 3DFE57862BD6F924005D434E /* PokemonAPI.swift */; };
		3DFE57882BD6F924005D434E /* PokemonAPI.swift in Sources */ = {isa = PBXBuildFile; fileRef = 3DFE57862BD6F924005D434E /* PokemonAPI.swift */; };
		3DFE57892BD6F93B005D434E /* Pokemon.swift in Sources */ = {isa = PBXBuildFile; fileRef = 3DFE57842BD6F8D3005D434E /* Pokemon.swift */; };
		3DFE578A2BD6F93D005D434E /* Pokemon.swift in Sources */ = {isa = PBXBuildFile; fileRef = 3DFE57842BD6F8D3005D434E /* Pokemon.swift */; };
		3DFE578B2BD6F943005D434E /* PokemonAPI.swift in Sources */ = {isa = PBXBuildFile; fileRef = 3DFE57862BD6F924005D434E /* PokemonAPI.swift */; };
		3DFE578D2BD6F99A005D434E /* PokemonListView.swift in Sources */ = {isa = PBXBuildFile; fileRef = 3DFE578C2BD6F99A005D434E /* PokemonListView.swift */; };
		3DFE578E2BD6F99A005D434E /* PokemonListView.swift in Sources */ = {isa = PBXBuildFile; fileRef = 3DFE578C2BD6F99A005D434E /* PokemonListView.swift */; };
		3DFE578F2BD6F99A005D434E /* PokemonListView.swift in Sources */ = {isa = PBXBuildFile; fileRef = 3DFE578C2BD6F99A005D434E /* PokemonListView.swift */; };
		3DFE57952BD6FC43005D434E /* PokemonAPITests.swift in Sources */ = {isa = PBXBuildFile; fileRef = 3DFE57942BD6FC43005D434E /* PokemonAPITests.swift */; };
		3DFE57972BD701B8005D434E /* PokemonListViewModel.swift in Sources */ = {isa = PBXBuildFile; fileRef = 3DFE57962BD701B8005D434E /* PokemonListViewModel.swift */; };
		3DFE57982BD701B8005D434E /* PokemonListViewModel.swift in Sources */ = {isa = PBXBuildFile; fileRef = 3DFE57962BD701B8005D434E /* PokemonListViewModel.swift */; };
		3DFE57992BD701B8005D434E /* PokemonListViewModel.swift in Sources */ = {isa = PBXBuildFile; fileRef = 3DFE57962BD701B8005D434E /* PokemonListViewModel.swift */; };
		3DFE579B2BD7063E005D434E /* PokemonDetailView.swift in Sources */ = {isa = PBXBuildFile; fileRef = 3DFE579A2BD7063E005D434E /* PokemonDetailView.swift */; };
		3DFE579C2BD7063E005D434E /* PokemonDetailView.swift in Sources */ = {isa = PBXBuildFile; fileRef = 3DFE579A2BD7063E005D434E /* PokemonDetailView.swift */; };
		3DFE579D2BD7063E005D434E /* PokemonDetailView.swift in Sources */ = {isa = PBXBuildFile; fileRef = 3DFE579A2BD7063E005D434E /* PokemonDetailView.swift */; };
/* End PBXBuildFile section */

/* Begin PBXContainerItemProxy section */
		3DFE57682BD6F872005D434E /* PBXContainerItemProxy */ = {
			isa = PBXContainerItemProxy;
			containerPortal = 3DFE574E2BD6F871005D434E /* Project object */;
			proxyType = 1;
			remoteGlobalIDString = 3DFE57552BD6F871005D434E;
			remoteInfo = SilverPokeDex;
		};
		3DFE57722BD6F872005D434E /* PBXContainerItemProxy */ = {
			isa = PBXContainerItemProxy;
			containerPortal = 3DFE574E2BD6F871005D434E /* Project object */;
			proxyType = 1;
			remoteGlobalIDString = 3DFE57552BD6F871005D434E;
			remoteInfo = SilverPokeDex;
		};
/* End PBXContainerItemProxy section */

/* Begin PBXFileReference section */
		3DFE57562BD6F871005D434E /* SilverPokeDex.app */ = {isa = PBXFileReference; explicitFileType = wrapper.application; includeInIndex = 0; path = SilverPokeDex.app; sourceTree = BUILT_PRODUCTS_DIR; };
		3DFE57592BD6F871005D434E /* SilverPokeDexApp.swift */ = {isa = PBXFileReference; lastKnownFileType = sourcecode.swift; path = SilverPokeDexApp.swift; sourceTree = "<group>"; };
		3DFE575B2BD6F871005D434E /* ContentView.swift */ = {isa = PBXFileReference; lastKnownFileType = sourcecode.swift; path = ContentView.swift; sourceTree = "<group>"; };
		3DFE575D2BD6F872005D434E /* Assets.xcassets */ = {isa = PBXFileReference; lastKnownFileType = folder.assetcatalog; path = Assets.xcassets; sourceTree = "<group>"; };
		3DFE575F2BD6F872005D434E /* SilverPokeDex.entitlements */ = {isa = PBXFileReference; lastKnownFileType = text.plist.entitlements; path = SilverPokeDex.entitlements; sourceTree = "<group>"; };
		3DFE57612BD6F872005D434E /* Preview Assets.xcassets */ = {isa = PBXFileReference; lastKnownFileType = folder.assetcatalog; path = "Preview Assets.xcassets"; sourceTree = "<group>"; };
		3DFE57672BD6F872005D434E /* SilverPokeDexTests.xctest */ = {isa = PBXFileReference; explicitFileType = wrapper.cfbundle; includeInIndex = 0; path = SilverPokeDexTests.xctest; sourceTree = BUILT_PRODUCTS_DIR; };
		3DFE576B2BD6F872005D434E /* SilverPokeDexTests.swift */ = {isa = PBXFileReference; lastKnownFileType = sourcecode.swift; path = SilverPokeDexTests.swift; sourceTree = "<group>"; };
		3DFE57712BD6F872005D434E /* SilverPokeDexUITests.xctest */ = {isa = PBXFileReference; explicitFileType = wrapper.cfbundle; includeInIndex = 0; path = SilverPokeDexUITests.xctest; sourceTree = BUILT_PRODUCTS_DIR; };
		3DFE57752BD6F872005D434E /* SilverPokeDexUITests.swift */ = {isa = PBXFileReference; lastKnownFileType = sourcecode.swift; path = SilverPokeDexUITests.swift; sourceTree = "<group>"; };
		3DFE57772BD6F872005D434E /* SilverPokeDexUITestsLaunchTests.swift */ = {isa = PBXFileReference; lastKnownFileType = sourcecode.swift; path = SilverPokeDexUITestsLaunchTests.swift; sourceTree = "<group>"; };
		3DFE57842BD6F8D3005D434E /* Pokemon.swift */ = {isa = PBXFileReference; lastKnownFileType = sourcecode.swift; path = Pokemon.swift; sourceTree = "<group>"; };
		3DFE57862BD6F924005D434E /* PokemonAPI.swift */ = {isa = PBXFileReference; lastKnownFileType = sourcecode.swift; path = PokemonAPI.swift; sourceTree = "<group>"; };
		3DFE578C2BD6F99A005D434E /* PokemonListView.swift */ = {isa = PBXFileReference; lastKnownFileType = sourcecode.swift; path = PokemonListView.swift; sourceTree = "<group>"; };
		3DFE57942BD6FC43005D434E /* PokemonAPITests.swift */ = {isa = PBXFileReference; lastKnownFileType = sourcecode.swift; path = PokemonAPITests.swift; sourceTree = "<group>"; };
		3DFE57962BD701B8005D434E /* PokemonListViewModel.swift */ = {isa = PBXFileReference; lastKnownFileType = sourcecode.swift; path = PokemonListViewModel.swift; sourceTree = "<group>"; };
		3DFE579A2BD7063E005D434E /* PokemonDetailView.swift */ = {isa = PBXFileReference; lastKnownFileType = sourcecode.swift; path = PokemonDetailView.swift; sourceTree = "<group>"; };
/* End PBXFileReference section */

/* Begin PBXFrameworksBuildPhase section */
		3DFE57532BD6F871005D434E /* Frameworks */ = {
			isa = PBXFrameworksBuildPhase;
			buildActionMask = 2147483647;
			files = (
			);
			runOnlyForDeploymentPostprocessing = 0;
		};
		3DFE57642BD6F872005D434E /* Frameworks */ = {
			isa = PBXFrameworksBuildPhase;
			buildActionMask = 2147483647;
			files = (
			);
			runOnlyForDeploymentPostprocessing = 0;
		};
		3DFE576E2BD6F872005D434E /* Frameworks */ = {
			isa = PBXFrameworksBuildPhase;
			buildActionMask = 2147483647;
			files = (
			);
			runOnlyForDeploymentPostprocessing = 0;
		};
/* End PBXFrameworksBuildPhase section */

/* Begin PBXGroup section */
		3DFE574D2BD6F871005D434E = {
			isa = PBXGroup;
			children = (
				3DFE57582BD6F871005D434E /* SilverPokeDex */,
				3DFE576A2BD6F872005D434E /* SilverPokeDexTests */,
				3DFE57742BD6F872005D434E /* SilverPokeDexUITests */,
				3DFE57572BD6F871005D434E /* Products */,
			);
			sourceTree = "<group>";
		};
		3DFE57572BD6F871005D434E /* Products */ = {
			isa = PBXGroup;
			children = (
				3DFE57562BD6F871005D434E /* SilverPokeDex.app */,
				3DFE57672BD6F872005D434E /* SilverPokeDexTests.xctest */,
				3DFE57712BD6F872005D434E /* SilverPokeDexUITests.xctest */,
			);
			name = Products;
			sourceTree = "<group>";
		};
		3DFE57582BD6F871005D434E /* SilverPokeDex */ = {
			isa = PBXGroup;
			children = (
				3DFE57592BD6F871005D434E /* SilverPokeDexApp.swift */,
				3DFE575B2BD6F871005D434E /* ContentView.swift */,
				3DFE575D2BD6F872005D434E /* Assets.xcassets */,
				3DFE575F2BD6F872005D434E /* SilverPokeDex.entitlements */,
				3DFE57602BD6F872005D434E /* Preview Content */,
				3DFE57842BD6F8D3005D434E /* Pokemon.swift */,
				3DFE57862BD6F924005D434E /* PokemonAPI.swift */,
				3DFE578C2BD6F99A005D434E /* PokemonListView.swift */,
				3DFE57962BD701B8005D434E /* PokemonListViewModel.swift */,
				3DFE579A2BD7063E005D434E /* PokemonDetailView.swift */,
			);
			path = SilverPokeDex;
			sourceTree = "<group>";
		};
		3DFE57602BD6F872005D434E /* Preview Content */ = {
			isa = PBXGroup;
			children = (
				3DFE57612BD6F872005D434E /* Preview Assets.xcassets */,
			);
			path = "Preview Content";
			sourceTree = "<group>";
		};
		3DFE576A2BD6F872005D434E /* SilverPokeDexTests */ = {
			isa = PBXGroup;
			children = (
				3DFE576B2BD6F872005D434E /* SilverPokeDexTests.swift */,
				3DFE57942BD6FC43005D434E /* PokemonAPITests.swift */,
			);
			path = SilverPokeDexTests;
			sourceTree = "<group>";
		};
		3DFE57742BD6F872005D434E /* SilverPokeDexUITests */ = {
			isa = PBXGroup;
			children = (
				3DFE57752BD6F872005D434E /* SilverPokeDexUITests.swift */,
				3DFE57772BD6F872005D434E /* SilverPokeDexUITestsLaunchTests.swift */,
			);
			path = SilverPokeDexUITests;
			sourceTree = "<group>";
		};
/* End PBXGroup section */

/* Begin PBXNativeTarget section */
		3DFE57552BD6F871005D434E /* SilverPokeDex */ = {
			isa = PBXNativeTarget;
			buildConfigurationList = 3DFE577B2BD6F872005D434E /* Build configuration list for PBXNativeTarget "SilverPokeDex" */;
			buildPhases = (
				3DFE57522BD6F871005D434E /* Sources */,
				3DFE57532BD6F871005D434E /* Frameworks */,
				3DFE57542BD6F871005D434E /* Resources */,
			);
			buildRules = (
			);
			dependencies = (
			);
			name = SilverPokeDex;
			productName = SilverPokeDex;
			productReference = 3DFE57562BD6F871005D434E /* SilverPokeDex.app */;
			productType = "com.apple.product-type.application";
		};
		3DFE57662BD6F872005D434E /* SilverPokeDexTests */ = {
			isa = PBXNativeTarget;
			buildConfigurationList = 3DFE577E2BD6F872005D434E /* Build configuration list for PBXNativeTarget "SilverPokeDexTests" */;
			buildPhases = (
				3DFE57632BD6F872005D434E /* Sources */,
				3DFE57642BD6F872005D434E /* Frameworks */,
				3DFE57652BD6F872005D434E /* Resources */,
			);
			buildRules = (
			);
			dependencies = (
				3DFE57692BD6F872005D434E /* PBXTargetDependency */,
			);
			name = SilverPokeDexTests;
			productName = SilverPokeDexTests;
			productReference = 3DFE57672BD6F872005D434E /* SilverPokeDexTests.xctest */;
			productType = "com.apple.product-type.bundle.unit-test";
		};
		3DFE57702BD6F872005D434E /* SilverPokeDexUITests */ = {
			isa = PBXNativeTarget;
			buildConfigurationList = 3DFE57812BD6F872005D434E /* Build configuration list for PBXNativeTarget "SilverPokeDexUITests" */;
			buildPhases = (
				3DFE576D2BD6F872005D434E /* Sources */,
				3DFE576E2BD6F872005D434E /* Frameworks */,
				3DFE576F2BD6F872005D434E /* Resources */,
			);
			buildRules = (
			);
			dependencies = (
				3DFE57732BD6F872005D434E /* PBXTargetDependency */,
			);
			name = SilverPokeDexUITests;
			productName = SilverPokeDexUITests;
			productReference = 3DFE57712BD6F872005D434E /* SilverPokeDexUITests.xctest */;
			productType = "com.apple.product-type.bundle.ui-testing";
		};
/* End PBXNativeTarget section */

/* Begin PBXProject section */
		3DFE574E2BD6F871005D434E /* Project object */ = {
			isa = PBXProject;
			attributes = {
				BuildIndependentTargetsInParallel = 1;
				LastSwiftUpdateCheck = 1520;
				LastUpgradeCheck = 1520;
				TargetAttributes = {
					3DFE57552BD6F871005D434E = {
						CreatedOnToolsVersion = 15.2;
					};
					3DFE57662BD6F872005D434E = {
						CreatedOnToolsVersion = 15.2;
						TestTargetID = 3DFE57552BD6F871005D434E;
					};
					3DFE57702BD6F872005D434E = {
						CreatedOnToolsVersion = 15.2;
						TestTargetID = 3DFE57552BD6F871005D434E;
					};
				};
			};
			buildConfigurationList = 3DFE57512BD6F871005D434E /* Build configuration list for PBXProject "SilverPokeDex" */;
			compatibilityVersion = "Xcode 14.0";
			developmentRegion = en;
			hasScannedForEncodings = 0;
			knownRegions = (
				en,
				Base,
			);
			mainGroup = 3DFE574D2BD6F871005D434E;
			productRefGroup = 3DFE57572BD6F871005D434E /* Products */;
			projectDirPath = "";
			projectRoot = "";
			targets = (
				3DFE57552BD6F871005D434E /* SilverPokeDex */,
				3DFE57662BD6F872005D434E /* SilverPokeDexTests */,
				3DFE57702BD6F872005D434E /* SilverPokeDexUITests */,
			);
		};
/* End PBXProject section */

/* Begin PBXResourcesBuildPhase section */
		3DFE57542BD6F871005D434E /* Resources */ = {
			isa = PBXResourcesBuildPhase;
			buildActionMask = 2147483647;
			files = (
				3DFE57622BD6F872005D434E /* Preview Assets.xcassets in Resources */,
				3DFE575E2BD6F872005D434E /* Assets.xcassets in Resources */,
			);
			runOnlyForDeploymentPostprocessing = 0;
		};
		3DFE57652BD6F872005D434E /* Resources */ = {
			isa = PBXResourcesBuildPhase;
			buildActionMask = 2147483647;
			files = (
			);
			runOnlyForDeploymentPostprocessing = 0;
		};
		3DFE576F2BD6F872005D434E /* Resources */ = {
			isa = PBXResourcesBuildPhase;
			buildActionMask = 2147483647;
			files = (
			);
			runOnlyForDeploymentPostprocessing = 0;
		};
/* End PBXResourcesBuildPhase section */

/* Begin PBXSourcesBuildPhase section */
		3DFE57522BD6F871005D434E /* Sources */ = {
			isa = PBXSourcesBuildPhase;
			buildActionMask = 2147483647;
			files = (
				3DFE578D2BD6F99A005D434E /* PokemonListView.swift in Sources */,
				3DFE575C2BD6F871005D434E /* ContentView.swift in Sources */,
				3DFE575A2BD6F871005D434E /* SilverPokeDexApp.swift in Sources */,
				3DFE57872BD6F924005D434E /* PokemonAPI.swift in Sources */,
				3DFE57972BD701B8005D434E /* PokemonListViewModel.swift in Sources */,
				3DFE579B2BD7063E005D434E /* PokemonDetailView.swift in Sources */,
				3DFE57852BD6F8D3005D434E /* Pokemon.swift in Sources */,
			);
			runOnlyForDeploymentPostprocessing = 0;
		};
		3DFE57632BD6F872005D434E /* Sources */ = {
			isa = PBXSourcesBuildPhase;
			buildActionMask = 2147483647;
			files = (
				3DFE578E2BD6F99A005D434E /* PokemonListView.swift in Sources */,
				3DFE57952BD6FC43005D434E /* PokemonAPITests.swift in Sources */,
				3DFE57882BD6F924005D434E /* PokemonAPI.swift in Sources */,
				3DFE57982BD701B8005D434E /* PokemonListViewModel.swift in Sources */,
				3DFE576C2BD6F872005D434E /* SilverPokeDexTests.swift in Sources */,
				3DFE579C2BD7063E005D434E /* PokemonDetailView.swift in Sources */,
				3DFE57892BD6F93B005D434E /* Pokemon.swift in Sources */,
			);
			runOnlyForDeploymentPostprocessing = 0;
		};
		3DFE576D2BD6F872005D434E /* Sources */ = {
			isa = PBXSourcesBuildPhase;
			buildActionMask = 2147483647;
			files = (
				3DFE578F2BD6F99A005D434E /* PokemonListView.swift in Sources */,
				3DFE57782BD6F872005D434E /* SilverPokeDexUITestsLaunchTests.swift in Sources */,
				3DFE57762BD6F872005D434E /* SilverPokeDexUITests.swift in Sources */,
				3DFE578B2BD6F943005D434E /* PokemonAPI.swift in Sources */,
				3DFE57992BD701B8005D434E /* PokemonListViewModel.swift in Sources */,
				3DFE579D2BD7063E005D434E /* PokemonDetailView.swift in Sources */,
				3DFE578A2BD6F93D005D434E /* Pokemon.swift in Sources */,
			);
			runOnlyForDeploymentPostprocessing = 0;
		};
/* End PBXSourcesBuildPhase section */

/* Begin PBXTargetDependency section */
		3DFE57692BD6F872005D434E /* PBXTargetDependency */ = {
			isa = PBXTargetDependency;
			target = 3DFE57552BD6F871005D434E /* SilverPokeDex */;
			targetProxy = 3DFE57682BD6F872005D434E /* PBXContainerItemProxy */;
		};
		3DFE57732BD6F872005D434E /* PBXTargetDependency */ = {
			isa = PBXTargetDependency;
			target = 3DFE57552BD6F871005D434E /* SilverPokeDex */;
			targetProxy = 3DFE57722BD6F872005D434E /* PBXContainerItemProxy */;
		};
/* End PBXTargetDependency section */

/* Begin XCBuildConfiguration section */
		3DFE57792BD6F872005D434E /* Debug */ = {
			isa = XCBuildConfiguration;
			buildSettings = {
				ALWAYS_SEARCH_USER_PATHS = NO;
				ASSETCATALOG_COMPILER_GENERATE_SWIFT_ASSET_SYMBOL_EXTENSIONS = YES;
				CLANG_ANALYZER_NONNULL = YES;
				CLANG_ANALYZER_NUMBER_OBJECT_CONVERSION = YES_AGGRESSIVE;
				CLANG_CXX_LANGUAGE_STANDARD = "gnu++20";
				CLANG_ENABLE_MODULES = YES;
				CLANG_ENABLE_OBJC_ARC = YES;
				CLANG_ENABLE_OBJC_WEAK = YES;
				CLANG_WARN_BLOCK_CAPTURE_AUTORELEASING = YES;
				CLANG_WARN_BOOL_CONVERSION = YES;
				CLANG_WARN_COMMA = YES;
				CLANG_WARN_CONSTANT_CONVERSION = YES;
				CLANG_WARN_DEPRECATED_OBJC_IMPLEMENTATIONS = YES;
				CLANG_WARN_DIRECT_OBJC_ISA_USAGE = YES_ERROR;
				CLANG_WARN_DOCUMENTATION_COMMENTS = YES;
				CLANG_WARN_EMPTY_BODY = YES;
				CLANG_WARN_ENUM_CONVERSION = YES;
				CLANG_WARN_INFINITE_RECURSION = YES;
				CLANG_WARN_INT_CONVERSION = YES;
				CLANG_WARN_NON_LITERAL_NULL_CONVERSION = YES;
				CLANG_WARN_OBJC_IMPLICIT_RETAIN_SELF = YES;
				CLANG_WARN_OBJC_LITERAL_CONVERSION = YES;
				CLANG_WARN_OBJC_ROOT_CLASS = YES_ERROR;
				CLANG_WARN_QUOTED_INCLUDE_IN_FRAMEWORK_HEADER = YES;
				CLANG_WARN_RANGE_LOOP_ANALYSIS = YES;
				CLANG_WARN_STRICT_PROTOTYPES = YES;
				CLANG_WARN_SUSPICIOUS_MOVE = YES;
				CLANG_WARN_UNGUARDED_AVAILABILITY = YES_AGGRESSIVE;
				CLANG_WARN_UNREACHABLE_CODE = YES;
				CLANG_WARN__DUPLICATE_METHOD_MATCH = YES;
				COPY_PHASE_STRIP = NO;
				DEBUG_INFORMATION_FORMAT = dwarf;
				ENABLE_STRICT_OBJC_MSGSEND = YES;
				ENABLE_TESTABILITY = YES;
				ENABLE_USER_SCRIPT_SANDBOXING = YES;
				GCC_C_LANGUAGE_STANDARD = gnu17;
				GCC_DYNAMIC_NO_PIC = NO;
				GCC_NO_COMMON_BLOCKS = YES;
				GCC_OPTIMIZATION_LEVEL = 0;
				GCC_PREPROCESSOR_DEFINITIONS = (
					"DEBUG=1",
					"$(inherited)",
				);
				GCC_WARN_64_TO_32_BIT_CONVERSION = YES;
				GCC_WARN_ABOUT_RETURN_TYPE = YES_ERROR;
				GCC_WARN_UNDECLARED_SELECTOR = YES;
				GCC_WARN_UNINITIALIZED_AUTOS = YES_AGGRESSIVE;
				GCC_WARN_UNUSED_FUNCTION = YES;
				GCC_WARN_UNUSED_VARIABLE = YES;
				LOCALIZATION_PREFERS_STRING_CATALOGS = YES;
				MTL_ENABLE_DEBUG_INFO = INCLUDE_SOURCE;
				MTL_FAST_MATH = YES;
				ONLY_ACTIVE_ARCH = YES;
				SWIFT_ACTIVE_COMPILATION_CONDITIONS = "DEBUG $(inherited)";
				SWIFT_OPTIMIZATION_LEVEL = "-Onone";
			};
			name = Debug;
		};
		3DFE577A2BD6F872005D434E /* Release */ = {
			isa = XCBuildConfiguration;
			buildSettings = {
				ALWAYS_SEARCH_USER_PATHS = NO;
				ASSETCATALOG_COMPILER_GENERATE_SWIFT_ASSET_SYMBOL_EXTENSIONS = YES;
				CLANG_ANALYZER_NONNULL = YES;
				CLANG_ANALYZER_NUMBER_OBJECT_CONVERSION = YES_AGGRESSIVE;
				CLANG_CXX_LANGUAGE_STANDARD = "gnu++20";
				CLANG_ENABLE_MODULES = YES;
				CLANG_ENABLE_OBJC_ARC = YES;
				CLANG_ENABLE_OBJC_WEAK = YES;
				CLANG_WARN_BLOCK_CAPTURE_AUTORELEASING = YES;
				CLANG_WARN_BOOL_CONVERSION = YES;
				CLANG_WARN_COMMA = YES;
				CLANG_WARN_CONSTANT_CONVERSION = YES;
				CLANG_WARN_DEPRECATED_OBJC_IMPLEMENTATIONS = YES;
				CLANG_WARN_DIRECT_OBJC_ISA_USAGE = YES_ERROR;
				CLANG_WARN_DOCUMENTATION_COMMENTS = YES;
				CLANG_WARN_EMPTY_BODY = YES;
				CLANG_WARN_ENUM_CONVERSION = YES;
				CLANG_WARN_INFINITE_RECURSION = YES;
				CLANG_WARN_INT_CONVERSION = YES;
				CLANG_WARN_NON_LITERAL_NULL_CONVERSION = YES;
				CLANG_WARN_OBJC_IMPLICIT_RETAIN_SELF = YES;
				CLANG_WARN_OBJC_LITERAL_CONVERSION = YES;
				CLANG_WARN_OBJC_ROOT_CLASS = YES_ERROR;
				CLANG_WARN_QUOTED_INCLUDE_IN_FRAMEWORK_HEADER = YES;
				CLANG_WARN_RANGE_LOOP_ANALYSIS = YES;
				CLANG_WARN_STRICT_PROTOTYPES = YES;
				CLANG_WARN_SUSPICIOUS_MOVE = YES;
				CLANG_WARN_UNGUARDED_AVAILABILITY = YES_AGGRESSIVE;
				CLANG_WARN_UNREACHABLE_CODE = YES;
				CLANG_WARN__DUPLICATE_METHOD_MATCH = YES;
				COPY_PHASE_STRIP = NO;
				DEBUG_INFORMATION_FORMAT = "dwarf-with-dsym";
				ENABLE_NS_ASSERTIONS = NO;
				ENABLE_STRICT_OBJC_MSGSEND = YES;
				ENABLE_USER_SCRIPT_SANDBOXING = YES;
				GCC_C_LANGUAGE_STANDARD = gnu17;
				GCC_NO_COMMON_BLOCKS = YES;
				GCC_WARN_64_TO_32_BIT_CONVERSION = YES;
				GCC_WARN_ABOUT_RETURN_TYPE = YES_ERROR;
				GCC_WARN_UNDECLARED_SELECTOR = YES;
				GCC_WARN_UNINITIALIZED_AUTOS = YES_AGGRESSIVE;
				GCC_WARN_UNUSED_FUNCTION = YES;
				GCC_WARN_UNUSED_VARIABLE = YES;
				LOCALIZATION_PREFERS_STRING_CATALOGS = YES;
				MTL_ENABLE_DEBUG_INFO = NO;
				MTL_FAST_MATH = YES;
				SWIFT_COMPILATION_MODE = wholemodule;
			};
			name = Release;
		};
		3DFE577C2BD6F872005D434E /* Debug */ = {
			isa = XCBuildConfiguration;
			buildSettings = {
				ASSETCATALOG_COMPILER_APPICON_NAME = AppIcon;
				ASSETCATALOG_COMPILER_GLOBAL_ACCENT_COLOR_NAME = AccentColor;
				CODE_SIGN_ENTITLEMENTS = SilverPokeDex/SilverPokeDex.entitlements;
				CODE_SIGN_STYLE = Automatic;
				CURRENT_PROJECT_VERSION = 1;
				DEVELOPMENT_ASSET_PATHS = "\"SilverPokeDex/Preview Content\"";
				ENABLE_PREVIEWS = YES;
				GENERATE_INFOPLIST_FILE = YES;
				"INFOPLIST_KEY_UIApplicationSceneManifest_Generation[sdk=iphoneos*]" = YES;
				"INFOPLIST_KEY_UIApplicationSceneManifest_Generation[sdk=iphonesimulator*]" = YES;
				"INFOPLIST_KEY_UIApplicationSupportsIndirectInputEvents[sdk=iphoneos*]" = YES;
				"INFOPLIST_KEY_UIApplicationSupportsIndirectInputEvents[sdk=iphonesimulator*]" = YES;
				"INFOPLIST_KEY_UILaunchScreen_Generation[sdk=iphoneos*]" = YES;
				"INFOPLIST_KEY_UILaunchScreen_Generation[sdk=iphonesimulator*]" = YES;
				"INFOPLIST_KEY_UIStatusBarStyle[sdk=iphoneos*]" = UIStatusBarStyleDefault;
				"INFOPLIST_KEY_UIStatusBarStyle[sdk=iphonesimulator*]" = UIStatusBarStyleDefault;
				INFOPLIST_KEY_UISupportedInterfaceOrientations_iPad = "UIInterfaceOrientationPortrait UIInterfaceOrientationPortraitUpsideDown UIInterfaceOrientationLandscapeLeft UIInterfaceOrientationLandscapeRight";
				INFOPLIST_KEY_UISupportedInterfaceOrientations_iPhone = "UIInterfaceOrientationPortrait UIInterfaceOrientationLandscapeLeft UIInterfaceOrientationLandscapeRight";
				IPHONEOS_DEPLOYMENT_TARGET = 17.2;
				LD_RUNPATH_SEARCH_PATHS = "@executable_path/Frameworks";
				"LD_RUNPATH_SEARCH_PATHS[sdk=macosx*]" = "@executable_path/../Frameworks";
				MACOSX_DEPLOYMENT_TARGET = 14.2;
				MARKETING_VERSION = 1.0;
				PRODUCT_BUNDLE_IDENTIFIER = com.nanda.SilverPokeDex;
				PRODUCT_NAME = "$(TARGET_NAME)";
				SDKROOT = auto;
				SUPPORTED_PLATFORMS = "iphoneos iphonesimulator macosx";
				SWIFT_EMIT_LOC_STRINGS = YES;
				SWIFT_VERSION = 5.0;
				TARGETED_DEVICE_FAMILY = "1,2";
			};
			name = Debug;
		};
		3DFE577D2BD6F872005D434E /* Release */ = {
			isa = XCBuildConfiguration;
			buildSettings = {
				ASSETCATALOG_COMPILER_APPICON_NAME = AppIcon;
				ASSETCATALOG_COMPILER_GLOBAL_ACCENT_COLOR_NAME = AccentColor;
				CODE_SIGN_ENTITLEMENTS = SilverPokeDex/SilverPokeDex.entitlements;
				CODE_SIGN_STYLE = Automatic;
				CURRENT_PROJECT_VERSION = 1;
				DEVELOPMENT_ASSET_PATHS = "\"SilverPokeDex/Preview Content\"";
				ENABLE_PREVIEWS = YES;
				GENERATE_INFOPLIST_FILE = YES;
				"INFOPLIST_KEY_UIApplicationSceneManifest_Generation[sdk=iphoneos*]" = YES;
				"INFOPLIST_KEY_UIApplicationSceneManifest_Generation[sdk=iphonesimulator*]" = YES;
				"INFOPLIST_KEY_UIApplicationSupportsIndirectInputEvents[sdk=iphoneos*]" = YES;
				"INFOPLIST_KEY_UIApplicationSupportsIndirectInputEvents[sdk=iphonesimulator*]" = YES;
				"INFOPLIST_KEY_UILaunchScreen_Generation[sdk=iphoneos*]" = YES;
				"INFOPLIST_KEY_UILaunchScreen_Generation[sdk=iphonesimulator*]" = YES;
				"INFOPLIST_KEY_UIStatusBarStyle[sdk=iphoneos*]" = UIStatusBarStyleDefault;
				"INFOPLIST_KEY_UIStatusBarStyle[sdk=iphonesimulator*]" = UIStatusBarStyleDefault;
				INFOPLIST_KEY_UISupportedInterfaceOrientations_iPad = "UIInterfaceOrientationPortrait UIInterfaceOrientationPortraitUpsideDown UIInterfaceOrientationLandscapeLeft UIInterfaceOrientationLandscapeRight";
				INFOPLIST_KEY_UISupportedInterfaceOrientations_iPhone = "UIInterfaceOrientationPortrait UIInterfaceOrientationLandscapeLeft UIInterfaceOrientationLandscapeRight";
				IPHONEOS_DEPLOYMENT_TARGET = 17.2;
				LD_RUNPATH_SEARCH_PATHS = "@executable_path/Frameworks";
				"LD_RUNPATH_SEARCH_PATHS[sdk=macosx*]" = "@executable_path/../Frameworks";
				MACOSX_DEPLOYMENT_TARGET = 14.2;
				MARKETING_VERSION = 1.0;
				PRODUCT_BUNDLE_IDENTIFIER = com.nanda.SilverPokeDex;
				PRODUCT_NAME = "$(TARGET_NAME)";
				SDKROOT = auto;
				SUPPORTED_PLATFORMS = "iphoneos iphonesimulator macosx";
				SWIFT_EMIT_LOC_STRINGS = YES;
				SWIFT_VERSION = 5.0;
				TARGETED_DEVICE_FAMILY = "1,2";
			};
			name = Release;
		};
		3DFE577F2BD6F872005D434E /* Debug */ = {
			isa = XCBuildConfiguration;
			buildSettings = {
				ALWAYS_EMBED_SWIFT_STANDARD_LIBRARIES = YES;
				BUNDLE_LOADER = "$(TEST_HOST)";
				CODE_SIGN_STYLE = Automatic;
				CURRENT_PROJECT_VERSION = 1;
				GENERATE_INFOPLIST_FILE = YES;
				IPHONEOS_DEPLOYMENT_TARGET = 17.2;
				MACOSX_DEPLOYMENT_TARGET = 14.2;
				MARKETING_VERSION = 1.0;
				PRODUCT_BUNDLE_IDENTIFIER = com.nanda.SilverPokeDexTests;
				PRODUCT_NAME = "$(TARGET_NAME)";
				SDKROOT = auto;
				SUPPORTED_PLATFORMS = "iphoneos iphonesimulator macosx";
				SWIFT_EMIT_LOC_STRINGS = NO;
				SWIFT_VERSION = 5.0;
				TARGETED_DEVICE_FAMILY = "1,2";
				TEST_HOST = "$(BUILT_PRODUCTS_DIR)/SilverPokeDex.app/$(BUNDLE_EXECUTABLE_FOLDER_PATH)/SilverPokeDex";
			};
			name = Debug;
		};
		3DFE57802BD6F872005D434E /* Release */ = {
			isa = XCBuildConfiguration;
			buildSettings = {
				ALWAYS_EMBED_SWIFT_STANDARD_LIBRARIES = YES;
				BUNDLE_LOADER = "$(TEST_HOST)";
				CODE_SIGN_STYLE = Automatic;
				CURRENT_PROJECT_VERSION = 1;
				GENERATE_INFOPLIST_FILE = YES;
				IPHONEOS_DEPLOYMENT_TARGET = 17.2;
				MACOSX_DEPLOYMENT_TARGET = 14.2;
				MARKETING_VERSION = 1.0;
				PRODUCT_BUNDLE_IDENTIFIER = com.nanda.SilverPokeDexTests;
				PRODUCT_NAME = "$(TARGET_NAME)";
				SDKROOT = auto;
				SUPPORTED_PLATFORMS = "iphoneos iphonesimulator macosx";
				SWIFT_EMIT_LOC_STRINGS = NO;
				SWIFT_VERSION = 5.0;
				TARGETED_DEVICE_FAMILY = "1,2";
				TEST_HOST = "$(BUILT_PRODUCTS_DIR)/SilverPokeDex.app/$(BUNDLE_EXECUTABLE_FOLDER_PATH)/SilverPokeDex";
			};
			name = Release;
		};
		3DFE57822BD6F872005D434E /* Debug */ = {
			isa = XCBuildConfiguration;
			buildSettings = {
				ALWAYS_EMBED_SWIFT_STANDARD_LIBRARIES = YES;
				CODE_SIGN_STYLE = Automatic;
				CURRENT_PROJECT_VERSION = 1;
				GENERATE_INFOPLIST_FILE = YES;
				IPHONEOS_DEPLOYMENT_TARGET = 17.2;
				MACOSX_DEPLOYMENT_TARGET = 14.2;
				MARKETING_VERSION = 1.0;
				PRODUCT_BUNDLE_IDENTIFIER = com.nanda.SilverPokeDexUITests;
				PRODUCT_NAME = "$(TARGET_NAME)";
				SDKROOT = auto;
				SUPPORTED_PLATFORMS = "iphoneos iphonesimulator macosx";
				SWIFT_EMIT_LOC_STRINGS = NO;
				SWIFT_VERSION = 5.0;
				TARGETED_DEVICE_FAMILY = "1,2";
				TEST_TARGET_NAME = SilverPokeDex;
			};
			name = Debug;
		};
		3DFE57832BD6F872005D434E /* Release */ = {
			isa = XCBuildConfiguration;
			buildSettings = {
				ALWAYS_EMBED_SWIFT_STANDARD_LIBRARIES = YES;
				CODE_SIGN_STYLE = Automatic;
				CURRENT_PROJECT_VERSION = 1;
				GENERATE_INFOPLIST_FILE = YES;
				IPHONEOS_DEPLOYMENT_TARGET = 17.2;
				MACOSX_DEPLOYMENT_TARGET = 14.2;
				MARKETING_VERSION = 1.0;
				PRODUCT_BUNDLE_IDENTIFIER = com.nanda.SilverPokeDexUITests;
				PRODUCT_NAME = "$(TARGET_NAME)";
				SDKROOT = auto;
				SUPPORTED_PLATFORMS = "iphoneos iphonesimulator macosx";
				SWIFT_EMIT_LOC_STRINGS = NO;
				SWIFT_VERSION = 5.0;
				TARGETED_DEVICE_FAMILY = "1,2";
				TEST_TARGET_NAME = SilverPokeDex;
			};
			name = Release;
		};
/* End XCBuildConfiguration section */

/* Begin XCConfigurationList section */
		3DFE57512BD6F871005D434E /* Build configuration list for PBXProject "SilverPokeDex" */ = {
			isa = XCConfigurationList;
			buildConfigurations = (
				3DFE57792BD6F872005D434E /* Debug */,
				3DFE577A2BD6F872005D434E /* Release */,
			);
			defaultConfigurationIsVisible = 0;
			defaultConfigurationName = Release;
		};
		3DFE577B2BD6F872005D434E /* Build configuration list for PBXNativeTarget "SilverPokeDex" */ = {
			isa = XCConfigurationList;
			buildConfigurations = (
				3DFE577C2BD6F872005D434E /* Debug */,
				3DFE577D2BD6F872005D434E /* Release */,
			);
			defaultConfigurationIsVisible = 0;
			defaultConfigurationName = Release;
		};
		3DFE577E2BD6F872005D434E /* Build configuration list for PBXNativeTarget "SilverPokeDexTests" */ = {
			isa = XCConfigurationList;
			buildConfigurations = (
				3DFE577F2BD6F872005D434E /* Debug */,
				3DFE57802BD6F872005D434E /* Release */,
			);
			defaultConfigurationIsVisible = 0;
			defaultConfigurationName = Release;
		};
		3DFE57812BD6F872005D434E /* Build configuration list for PBXNativeTarget "SilverPokeDexUITests" */ = {
			isa = XCConfigurationList;
			buildConfigurations = (
				3DFE57822BD6F872005D434E /* Debug */,
				3DFE57832BD6F872005D434E /* Release */,
			);
			defaultConfigurationIsVisible = 0;
			defaultConfigurationName = Release;
		};
/* End XCConfigurationList section */
	};
	rootObject = 3DFE574E2BD6F871005D434E /* Project object */;
}
